github.com/axgle/mahonia v0.0.0-20180208002826-3358181d7394 h1:OYA+5W64v3OgClL+IrOD63t4i/RW7RqrAVl9LTZ9UqQ=
github.com/axgle/mahonia v0.0.0-20180208002826-3358181d7394/go.mod h1:Q8n74mJTIgjX4RBBcHnJ05h//6/k6foqmgE45jTQtxg=
github.com/go-cmd/cmd v1.3.0 h1:Wet2eYkLouFqyiG+x6P6l8CICRywhRD6sjMNalTSvbs=
github.com/go-cmd/cmd v1.3.0/go.mod h1:l/X/csRuYRDqiQIz9PPJBn4xDrdxgBXeLE9x1BeFU6M=
github.com/go-test/deep v1.0.6/go.mod h1:QV8Hv/iy04NyLBxAdO9njL0iVPN1S4d/A3NVv1V36o8=
github.com/widuu/goini v0.0.0-20180603013956-56a38bd2e09b h1:Fc2RRfaaHdNmSNbN4F7te3jiPuCxqzusksEG1y5BLbE=
github.com/widuu/goini v0.0.0-20180603013956-56a38bd2e09b/go.mod h1:4q5KUnbuu2CNbSmQru54JCD9Q49oLopMVPEgroiFtFw=
